
Microsoft Visual Studio Solution File, Format Version 12.00
# Visual Studio 2012
Project("{FAE04EC0-301F-11D3-BF4B-00C04F79EFBC}") = "EmxDevice", "EmxDevice.csproj", "{9628CC32-B149-4239-8F28-2A56C7BC8896}"
EndProject
Project("{2150E333-8FDC-42A3-9474-1A3956D46DE8}") = "Framework", "Framework", "{F6B2F54D-F2B5-4785-A76E-590BC62A2CCF}"
EndProject
Project("{FAE04EC0-301F-11D3-BF4B-00C04F79EFBC}") = "CommonEquipment", "..\..\CommonEquipment\CommonEquipment.csproj", "{A2181F3E-E7D6-42DE-9057-CC86099C7F0E}"
EndProject
Project("{FAE04EC0-301F-11D3-BF4B-00C04F79EFBC}") = "HttpClient", "..\..\HttpClient\HttpClient.csproj", "{EC96CBD5-F960-4317-AB78-6EEB1A609033}"
EndProject
Project("{FAE04EC0-301F-11D3-BF4B-00C04F79EFBC}") = "DeviceHiveMF", "..\..\DeviceHiveMF\DeviceHiveMF.csproj", "{C7E48992-0C0B-4F8A-8365-8DF0C0E19A2F}"
EndProject
Project("{FAE04EC0-301F-11D3-BF4B-00C04F79EFBC}") = "JsonSerializer", "..\..\JsonSerializer\JsonSerializer.csproj", "{6155DDAB-F8A2-473D-8211-7695A3D61050}"
EndProject
Global
	GlobalSection(SolutionConfigurationPlatforms) = preSolution
		Debug|Any CPU = Debug|Any CPU
		Release|Any CPU = Release|Any CPU
	EndGlobalSection
	GlobalSection(ProjectConfigurationPlatforms) = postSolution
		{9628CC32-B149-4239-8F28-2A56C7BC8896}.Debug|Any CPU.ActiveCfg = Debug|Any CPU
		{9628CC32-B149-4239-8F28-2A56C7BC8896}.Debug|Any CPU.Build.0 = Debug|Any CPU
		{9628CC32-B149-4239-8F28-2A56C7BC8896}.Debug|Any CPU.Deploy.0 = Debug|Any CPU
		{9628CC32-B149-4239-8F28-2A56C7BC8896}.Release|Any CPU.ActiveCfg = Release|Any CPU
		{9628CC32-B149-4239-8F28-2A56C7BC8896}.Release|Any CPU.Build.0 = Release|Any CPU
		{9628CC32-B149-4239-8F28-2A56C7BC8896}.Release|Any CPU.Deploy.0 = Release|Any CPU
		{A2181F3E-E7D6-42DE-9057-CC86099C7F0E}.Debug|Any CPU.ActiveCfg = Debug|Any CPU
		{A2181F3E-E7D6-42DE-9057-CC86099C7F0E}.Debug|Any CPU.Build.0 = Debug|Any CPU
		{A2181F3E-E7D6-42DE-9057-CC86099C7F0E}.Release|Any CPU.ActiveCfg = Release|Any CPU
		{A2181F3E-E7D6-42DE-9057-CC86099C7F0E}.Release|Any CPU.Build.0 = Release|Any CPU
		{EC96CBD5-F960-4317-AB78-6EEB1A609033}.Debug|Any CPU.ActiveCfg = Debug|Any CPU
		{EC96CBD5-F960-4317-AB78-6EEB1A609033}.Debug|Any CPU.Build.0 = Debug|Any CPU
		{EC96CBD5-F960-4317-AB78-6EEB1A609033}.Release|Any CPU.ActiveCfg = Release|Any CPU
		{EC96CBD5-F960-4317-AB78-6EEB1A609033}.Release|Any CPU.Build.0 = Release|Any CPU
		{C7E48992-0C0B-4F8A-8365-8DF0C0E19A2F}.Debug|Any CPU.ActiveCfg = Debug|Any CPU
		{C7E48992-0C0B-4F8A-8365-8DF0C0E19A2F}.Debug|Any CPU.Build.0 = Debug|Any CPU
		{C7E48992-0C0B-4F8A-8365-8DF0C0E19A2F}.Release|Any CPU.ActiveCfg = Release|Any CPU
		{C7E48992-0C0B-4F8A-8365-8DF0C0E19A2F}.Release|Any CPU.Build.0 = Release|Any CPU
		{6155DDAB-F8A2-473D-8211-7695A3D61050}.Debug|Any CPU.ActiveCfg = Debug|Any CPU
		{6155DDAB-F8A2-473D-8211-7695A3D61050}.Debug|Any CPU.Build.0 = Debug|Any CPU
		{6155DDAB-F8A2-473D-8211-7695A3D61050}.Release|Any CPU.ActiveCfg = Release|Any CPU
		{6155DDAB-F8A2-473D-8211-7695A3D61050}.Release|Any CPU.Build.0 = Release|Any CPU
	EndGlobalSection
	GlobalSection(SolutionProperties) = preSolution
		HideSolutionNode = FALSE
	EndGlobalSection
	GlobalSection(NestedProjects) = preSolution
		{A2181F3E-E7D6-42DE-9057-CC86099C7F0E} = {F6B2F54D-F2B5-4785-A76E-590BC62A2CCF}
		{EC96CBD5-F960-4317-AB78-6EEB1A609033} = {F6B2F54D-F2B5-4785-A76E-590BC62A2CCF}
		{C7E48992-0C0B-4F8A-8365-8DF0C0E19A2F} = {F6B2F54D-F2B5-4785-A76E-590BC62A2CCF}
		{6155DDAB-F8A2-473D-8211-7695A3D61050} = {F6B2F54D-F2B5-4785-A76E-590BC62A2CCF}
	EndGlobalSection
EndGlobal
